PODS:
  - Alamofire (4.8.2)
  - AlamofireImage (3.5.2):
    - Alamofire (~> 4.8)
  - Realm (3.16.2):
    - Realm/Headers (= 3.16.2)
  - Realm/Headers (3.16.2)
  - RealmSwift (3.16.2):
    - Realm (= 3.16.2)
  - Swinject (2.6.1)

DEPENDENCIES:
  - AlamofireImage (~> 3.5)
  - RealmSwift (~> 3.16)
  - Swinject (~> 2.6.1)

SPEC REPOS:
  https://github.com/cocoapods/specs.git:
    - Alamofire
    - AlamofireImage
    - Realm
    - RealmSwift
    - Swinject

SPEC CHECKSUMS:
  Alamofire: ae5c501addb7afdbb13687d7f2f722c78734c2d3
  AlamofireImage: 63cfe3baf1370be6c498149687cf6db3e3b00999
  Realm: 0e73b4edeb5b6a90da3d83206883b2e34e00eb38
  RealmSwift: a81e650171ef0a5f999df1ed8d39ba8d6fce88a4
  Swinject: b624462f47b635a64f89a60a247baa5fccec14e1

PODFILE CHECKSUM: f3bb17bab1f1c27cb0f06e21cb6251d77c58f3a2

COCOAPODS: 1.5.2
