// !$*UTF8*$!
{
	archiveVersion = 1;
	classes = {
	};
	objectVersion = 50;
	objects = {

/* Begin PBXBuildFile section */
		36B0C700675353200EEC2CDE /* Pods_MTS_Test.framework in Frameworks */ = {isa = PBXBuildFile; fileRef = 40CEBB770681489021882F3E /* Pods_MTS_Test.framework */; };
		71A89AC422BC011500C0468C /* AppDelegate.swift in Sources */ = {isa = PBXBuildFile; fileRef = 71A89AC322BC011500C0468C /* AppDelegate.swift */; };
		71A89AC922BC011500C0468C /* Main.storyboard in Resources */ = {isa = PBXBuildFile; fileRef = 71A89AC722BC011500C0468C /* Main.storyboard */; };
		71A89ACB22BC011700C0468C /* Assets.xcassets in Resources */ = {isa = PBXBuildFile; fileRef = 71A89ACA22BC011700C0468C /* Assets.xcassets */; };
		71A89ACE22BC011700C0468C /* LaunchScreen.storyboard in Resources */ = {isa = PBXBuildFile; fileRef = 71A89ACC22BC011700C0468C /* LaunchScreen.storyboard */; };
		71AFB35722BC04380064077B /* Recipe.swift in Sources */ = {isa = PBXBuildFile; fileRef = 71AFB35622BC04380064077B /* Recipe.swift */; };
		71AFB35922BC04E30064077B /* Detail.swift in Sources */ = {isa = PBXBuildFile; fileRef = 71AFB35822BC04E30064077B /* Detail.swift */; };
		71AFB35D22BC06760064077B /* ListPresenter.swift in Sources */ = {isa = PBXBuildFile; fileRef = 71AFB35C22BC06760064077B /* ListPresenter.swift */; };
		71AFB35F22BC089C0064077B /* ListRouter.swift in Sources */ = {isa = PBXBuildFile; fileRef = 71AFB35E22BC089C0064077B /* ListRouter.swift */; };
		71AFB36122BC08AC0064077B /* ListInteractor.swift in Sources */ = {isa = PBXBuildFile; fileRef = 71AFB36022BC08AC0064077B /* ListInteractor.swift */; };
		71AFB36322BC08C60064077B /* Network.swift in Sources */ = {isa = PBXBuildFile; fileRef = 71AFB36222BC08C60064077B /* Network.swift */; };
		71AFB36522BC08D00064077B /* ApiAssembly.swift in Sources */ = {isa = PBXBuildFile; fileRef = 71AFB36422BC08D00064077B /* ApiAssembly.swift */; };
		71AFB36922BC09190064077B /* ListView.swift in Sources */ = {isa = PBXBuildFile; fileRef = 71AFB36822BC09190064077B /* ListView.swift */; };
		71AFB36B22BC09480064077B /* ListProtocols.swift in Sources */ = {isa = PBXBuildFile; fileRef = 71AFB36A22BC09480064077B /* ListProtocols.swift */; };
		71AFB36E22BCEA6D0064077B /* Parser.swift in Sources */ = {isa = PBXBuildFile; fileRef = 71AFB36D22BCEA6D0064077B /* Parser.swift */; };
		71AFB37022BCEA880064077B /* Cache.swift in Sources */ = {isa = PBXBuildFile; fileRef = 71AFB36F22BCEA880064077B /* Cache.swift */; };
		71AFB37222BCF09A0064077B /* Api.swift in Sources */ = {isa = PBXBuildFile; fileRef = 71AFB37122BCF09A0064077B /* Api.swift */; };
		71AFB37722BD6C510064077B /* List+Codable.swift in Sources */ = {isa = PBXBuildFile; fileRef = 71AFB37622BD6C510064077B /* List+Codable.swift */; };
		71AFB37C22BE29910064077B /* DetailView.swift in Sources */ = {isa = PBXBuildFile; fileRef = 71AFB37B22BE29910064077B /* DetailView.swift */; };
		71AFB38122BE2AE00064077B /* R.generated.swift in Sources */ = {isa = PBXBuildFile; fileRef = 71AFB38022BE2ADF0064077B /* R.generated.swift */; };
		71AFB38422BE39E80064077B /* Service.swift in Sources */ = {isa = PBXBuildFile; fileRef = 71AFB38322BE39E80064077B /* Service.swift */; };
		71AFB38822BE58A90064077B /* ListDataSource.swift in Sources */ = {isa = PBXBuildFile; fileRef = 71AFB38722BE58A90064077B /* ListDataSource.swift */; };
		71AFB38B22BF60E40064077B /* ResponseModel.swift in Sources */ = {isa = PBXBuildFile; fileRef = 71AFB38A22BF60E40064077B /* ResponseModel.swift */; };
		71AFB38F22BF61DE0064077B /* ListCell.xib in Resources */ = {isa = PBXBuildFile; fileRef = 71AFB38E22BF61DE0064077B /* ListCell.xib */; };
		71AFB39122BF61E80064077B /* ListCell.swift in Sources */ = {isa = PBXBuildFile; fileRef = 71AFB39022BF61E80064077B /* ListCell.swift */; };
		71AFB39322BF6AFF0064077B /* ListConfigurator.swift in Sources */ = {isa = PBXBuildFile; fileRef = 71AFB39222BF6AFF0064077B /* ListConfigurator.swift */; };
		71AFB39522BF71E20064077B /* DetailProtocols.swift in Sources */ = {isa = PBXBuildFile; fileRef = 71AFB39422BF71E20064077B /* DetailProtocols.swift */; };
		71AFB39722BF71FC0064077B /* DetailConfigurator.swift in Sources */ = {isa = PBXBuildFile; fileRef = 71AFB39622BF71FC0064077B /* DetailConfigurator.swift */; };
		71AFB39922BF72080064077B /* DetailPresenter.swift in Sources */ = {isa = PBXBuildFile; fileRef = 71AFB39822BF72080064077B /* DetailPresenter.swift */; };
		71AFB39B22BF72130064077B /* DetailRouter.swift in Sources */ = {isa = PBXBuildFile; fileRef = 71AFB39A22BF72130064077B /* DetailRouter.swift */; };
		71AFB39D22BF72200064077B /* Detailnteractor.swift in Sources */ = {isa = PBXBuildFile; fileRef = 71AFB39C22BF72200064077B /* Detailnteractor.swift */; };
		71AFB39F22BFB9300064077B /* StatusBar.swift in Sources */ = {isa = PBXBuildFile; fileRef = 71AFB39E22BFB9300064077B /* StatusBar.swift */; };
/* End PBXBuildFile section */

/* Begin PBXFileReference section */
		40B82E4E0D889A066AF4633B /* Pods-MTS-Test.debug.xcconfig */ = {isa = PBXFileReference; includeInIndex = 1; lastKnownFileType = text.xcconfig; name = "Pods-MTS-Test.debug.xcconfig"; path = "Pods/Target Support Files/Pods-MTS-Test/Pods-MTS-Test.debug.xcconfig"; sourceTree = "<group>"; };
		40CEBB770681489021882F3E /* Pods_MTS_Test.framework */ = {isa = PBXFileReference; explicitFileType = wrapper.framework; includeInIndex = 0; path = Pods_MTS_Test.framework; sourceTree = BUILT_PRODUCTS_DIR; };
		71A89AC022BC011500C0468C /* JobInterview.app */ = {isa = PBXFileReference; explicitFileType = wrapper.application; includeInIndex = 0; path = JobInterview.app; sourceTree = BUILT_PRODUCTS_DIR; };
		71A89AC322BC011500C0468C /* AppDelegate.swift */ = {isa = PBXFileReference; lastKnownFileType = sourcecode.swift; path = AppDelegate.swift; sourceTree = "<group>"; };
		71A89AC822BC011500C0468C /* Base */ = {isa = PBXFileReference; lastKnownFileType = file.storyboard; name = Base; path = Base.lproj/Main.storyboard; sourceTree = "<group>"; };
		71A89ACA22BC011700C0468C /* Assets.xcassets */ = {isa = PBXFileReference; lastKnownFileType = folder.assetcatalog; path = Assets.xcassets; sourceTree = "<group>"; };
		71A89ACD22BC011700C0468C /* Base */ = {isa = PBXFileReference; lastKnownFileType = file.storyboard; name = Base; path = Base.lproj/LaunchScreen.storyboard; sourceTree = "<group>"; };
		71A89ACF22BC011700C0468C /* Info.plist */ = {isa = PBXFileReference; lastKnownFileType = text.plist.xml; path = Info.plist; sourceTree = "<group>"; };
		71AFB35622BC04380064077B /* Recipe.swift */ = {isa = PBXFileReference; lastKnownFileType = sourcecode.swift; path = Recipe.swift; sourceTree = "<group>"; };
		71AFB35822BC04E30064077B /* Detail.swift */ = {isa = PBXFileReference; lastKnownFileType = sourcecode.swift; path = Detail.swift; sourceTree = "<group>"; };
		71AFB35C22BC06760064077B /* ListPresenter.swift */ = {isa = PBXFileReference; lastKnownFileType = sourcecode.swift; path = ListPresenter.swift; sourceTree = "<group>"; };
		71AFB35E22BC089C0064077B /* ListRouter.swift */ = {isa = PBXFileReference; lastKnownFileType = sourcecode.swift; path = ListRouter.swift; sourceTree = "<group>"; };
		71AFB36022BC08AC0064077B /* ListInteractor.swift */ = {isa = PBXFileReference; lastKnownFileType = sourcecode.swift; path = ListInteractor.swift; sourceTree = "<group>"; };
		71AFB36222BC08C60064077B /* Network.swift */ = {isa = PBXFileReference; lastKnownFileType = sourcecode.swift; path = Network.swift; sourceTree = "<group>"; };
		71AFB36422BC08D00064077B /* ApiAssembly.swift */ = {isa = PBXFileReference; lastKnownFileType = sourcecode.swift; path = ApiAssembly.swift; sourceTree = "<group>"; };
		71AFB36822BC09190064077B /* ListView.swift */ = {isa = PBXFileReference; lastKnownFileType = sourcecode.swift; path = ListView.swift; sourceTree = "<group>"; };
		71AFB36A22BC09480064077B /* ListProtocols.swift */ = {isa = PBXFileReference; lastKnownFileType = sourcecode.swift; path = ListProtocols.swift; sourceTree = "<group>"; };
		71AFB36D22BCEA6D0064077B /* Parser.swift */ = {isa = PBXFileReference; lastKnownFileType = sourcecode.swift; path = Parser.swift; sourceTree = "<group>"; };
		71AFB36F22BCEA880064077B /* Cache.swift */ = {isa = PBXFileReference; lastKnownFileType = sourcecode.swift; path = Cache.swift; sourceTree = "<group>"; };
		71AFB37122BCF09A0064077B /* Api.swift */ = {isa = PBXFileReference; lastKnownFileType = sourcecode.swift; path = Api.swift; sourceTree = "<group>"; };
		71AFB37622BD6C510064077B /* List+Codable.swift */ = {isa = PBXFileReference; lastKnownFileType = sourcecode.swift; path = "List+Codable.swift"; sourceTree = "<group>"; };
		71AFB37B22BE29910064077B /* DetailView.swift */ = {isa = PBXFileReference; lastKnownFileType = sourcecode.swift; path = DetailView.swift; sourceTree = "<group>"; };
		71AFB38022BE2ADF0064077B /* R.generated.swift */ = {isa = PBXFileReference; fileEncoding = 4; lastKnownFileType = sourcecode.swift; path = R.generated.swift; sourceTree = SOURCE_ROOT; };
		71AFB38322BE39E80064077B /* Service.swift */ = {isa = PBXFileReference; lastKnownFileType = sourcecode.swift; path = Service.swift; sourceTree = "<group>"; };
		71AFB38722BE58A90064077B /* ListDataSource.swift */ = {isa = PBXFileReference; lastKnownFileType = sourcecode.swift; path = ListDataSource.swift; sourceTree = "<group>"; };
		71AFB38A22BF60E40064077B /* ResponseModel.swift */ = {isa = PBXFileReference; lastKnownFileType = sourcecode.swift; path = ResponseModel.swift; sourceTree = "<group>"; };
		71AFB38E22BF61DE0064077B /* ListCell.xib */ = {isa = PBXFileReference; lastKnownFileType = file.xib; path = ListCell.xib; sourceTree = "<group>"; };
		71AFB39022BF61E80064077B /* ListCell.swift */ = {isa = PBXFileReference; lastKnownFileType = sourcecode.swift; path = ListCell.swift; sourceTree = "<group>"; };
		71AFB39222BF6AFF0064077B /* ListConfigurator.swift */ = {isa = PBXFileReference; fileEncoding = 4; lastKnownFileType = sourcecode.swift; path = ListConfigurator.swift; sourceTree = "<group>"; };
		71AFB39422BF71E20064077B /* DetailProtocols.swift */ = {isa = PBXFileReference; lastKnownFileType = sourcecode.swift; path = DetailProtocols.swift; sourceTree = "<group>"; };
		71AFB39622BF71FC0064077B /* DetailConfigurator.swift */ = {isa = PBXFileReference; lastKnownFileType = sourcecode.swift; path = DetailConfigurator.swift; sourceTree = "<group>"; };
		71AFB39822BF72080064077B /* DetailPresenter.swift */ = {isa = PBXFileReference; lastKnownFileType = sourcecode.swift; path = DetailPresenter.swift; sourceTree = "<group>"; };
		71AFB39A22BF72130064077B /* DetailRouter.swift */ = {isa = PBXFileReference; lastKnownFileType = sourcecode.swift; path = DetailRouter.swift; sourceTree = "<group>"; };
		71AFB39C22BF72200064077B /* Detailnteractor.swift */ = {isa = PBXFileReference; lastKnownFileType = sourcecode.swift; path = Detailnteractor.swift; sourceTree = "<group>"; };
		71AFB39E22BFB9300064077B /* StatusBar.swift */ = {isa = PBXFileReference; lastKnownFileType = sourcecode.swift; path = StatusBar.swift; sourceTree = "<group>"; };
		72E848B1D601A80D84A8B011 /* Pods-MTS-Test.release.xcconfig */ = {isa = PBXFileReference; includeInIndex = 1; lastKnownFileType = text.xcconfig; name = "Pods-MTS-Test.release.xcconfig"; path = "Pods/Target Support Files/Pods-MTS-Test/Pods-MTS-Test.release.xcconfig"; sourceTree = "<group>"; };
/* End PBXFileReference section */

/* Begin PBXFrameworksBuildPhase section */
		71A89ABD22BC011500C0468C /* Frameworks */ = {
			isa = PBXFrameworksBuildPhase;
			buildActionMask = 2147483647;
			files = (
				36B0C700675353200EEC2CDE /* Pods_MTS_Test.framework in Frameworks */,
			);
			runOnlyForDeploymentPostprocessing = 0;
		};
/* End PBXFrameworksBuildPhase section */

/* Begin PBXGroup section */
		543ABF76C05F7E5C1F47EAE9 /* Pods */ = {
			isa = PBXGroup;
			children = (
				40B82E4E0D889A066AF4633B /* Pods-MTS-Test.debug.xcconfig */,
				72E848B1D601A80D84A8B011 /* Pods-MTS-Test.release.xcconfig */,
			);
			name = Pods;
			sourceTree = "<group>";
		};
		71A89AB722BC011500C0468C = {
			isa = PBXGroup;
			children = (
				71A89AC222BC011500C0468C /* App */,
				71A89AC122BC011500C0468C /* Products */,
				543ABF76C05F7E5C1F47EAE9 /* Pods */,
				DD60D4BA677CEC33FD4F3CD0 /* Frameworks */,
			);
			sourceTree = "<group>";
		};
		71A89AC122BC011500C0468C /* Products */ = {
			isa = PBXGroup;
			children = (
				71A89AC022BC011500C0468C /* JobInterview.app */,
			);
			name = Products;
			sourceTree = "<group>";
		};
		71A89AC222BC011500C0468C /* App */ = {
			isa = PBXGroup;
			children = (
				71AFB38C22BF61C80064077B /* UI */,
				71AFB38222BE39DC0064077B /* Services */,
				71AFB35A22BC06580064077B /* Modules */,
				71AFB35522BC04170064077B /* Entity */,
				71AFB37522BD6C440064077B /* Extensions */,
				71AFB36722BC08E10064077B /* Supporting Files */,
			);
			path = App;
			sourceTree = "<group>";
		};
		71AFB35522BC04170064077B /* Entity */ = {
			isa = PBXGroup;
			children = (
				71AFB35622BC04380064077B /* Recipe.swift */,
				71AFB35822BC04E30064077B /* Detail.swift */,
			);
			path = Entity;
			sourceTree = "<group>";
		};
		71AFB35A22BC06580064077B /* Modules */ = {
			isa = PBXGroup;
			children = (
				71AFB37A22BE29830064077B /* Detail */,
				71AFB35B22BC06600064077B /* List */,
			);
			path = Modules;
			sourceTree = "<group>";
		};
		71AFB35B22BC06600064077B /* List */ = {
			isa = PBXGroup;
			children = (
				71AFB36A22BC09480064077B /* ListProtocols.swift */,
				71AFB39222BF6AFF0064077B /* ListConfigurator.swift */,
				71AFB36822BC09190064077B /* ListView.swift */,
				71AFB35C22BC06760064077B /* ListPresenter.swift */,
				71AFB35E22BC089C0064077B /* ListRouter.swift */,
				71AFB36022BC08AC0064077B /* ListInteractor.swift */,
				71AFB38722BE58A90064077B /* ListDataSource.swift */,
			);
			path = List;
			sourceTree = "<group>";
		};
		71AFB36722BC08E10064077B /* Supporting Files */ = {
			isa = PBXGroup;
			children = (
				71AFB38022BE2ADF0064077B /* R.generated.swift */,
				71A89AC322BC011500C0468C /* AppDelegate.swift */,
				71A89ACA22BC011700C0468C /* Assets.xcassets */,
				71A89ACC22BC011700C0468C /* LaunchScreen.storyboard */,
				71A89ACF22BC011700C0468C /* Info.plist */,
			);
			path = "Supporting Files";
			sourceTree = "<group>";
		};
		71AFB36C22BCEA590064077B /* Api */ = {
			isa = PBXGroup;
			children = (
				71AFB38922BF60A60064077B /* Api Model */,
				71AFB36422BC08D00064077B /* ApiAssembly.swift */,
				71AFB36D22BCEA6D0064077B /* Parser.swift */,
				71AFB36222BC08C60064077B /* Network.swift */,
				71AFB36F22BCEA880064077B /* Cache.swift */,
				71AFB37122BCF09A0064077B /* Api.swift */,
			);
			path = Api;
			sourceTree = "<group>";
		};
		71AFB37522BD6C440064077B /* Extensions */ = {
			isa = PBXGroup;
			children = (
				71AFB37622BD6C510064077B /* List+Codable.swift */,
				71AFB39E22BFB9300064077B /* StatusBar.swift */,
			);
			path = Extensions;
			sourceTree = "<group>";
		};
		71AFB37A22BE29830064077B /* Detail */ = {
			isa = PBXGroup;
			children = (
				71AFB39422BF71E20064077B /* DetailProtocols.swift */,
				71AFB39622BF71FC0064077B /* DetailConfigurator.swift */,
				71AFB37B22BE29910064077B /* DetailView.swift */,
				71AFB39822BF72080064077B /* DetailPresenter.swift */,
				71AFB39A22BF72130064077B /* DetailRouter.swift */,
				71AFB39C22BF72200064077B /* Detailnteractor.swift */,
			);
			path = Detail;
			sourceTree = "<group>";
		};
		71AFB38222BE39DC0064077B /* Services */ = {
			isa = PBXGroup;
			children = (
				71AFB38322BE39E80064077B /* Service.swift */,
				71AFB36C22BCEA590064077B /* Api */,
			);
			path = Services;
			sourceTree = "<group>";
		};
		71AFB38922BF60A60064077B /* Api Model */ = {
			isa = PBXGroup;
			children = (
				71AFB38A22BF60E40064077B /* ResponseModel.swift */,
			);
			path = "Api Model";
			sourceTree = "<group>";
		};
		71AFB38C22BF61C80064077B /* UI */ = {
			isa = PBXGroup;
			children = (
				71AFB38D22BF61D00064077B /* ListCell */,
				71A89AC722BC011500C0468C /* Main.storyboard */,
			);
			path = UI;
			sourceTree = "<group>";
		};
		71AFB38D22BF61D00064077B /* ListCell */ = {
			isa = PBXGroup;
			children = (
				71AFB38E22BF61DE0064077B /* ListCell.xib */,
				71AFB39022BF61E80064077B /* ListCell.swift */,
			);
			path = ListCell;
			sourceTree = "<group>";
		};
		DD60D4BA677CEC33FD4F3CD0 /* Frameworks */ = {
			isa = PBXGroup;
			children = (
				40CEBB770681489021882F3E /* Pods_MTS_Test.framework */,
			);
			name = Frameworks;
			sourceTree = "<group>";
		};
/* End PBXGroup section */

/* Begin PBXNativeTarget section */
		71A89ABF22BC011500C0468C /* JobInterview */ = {
			isa = PBXNativeTarget;
			buildConfigurationList = 71A89AD222BC011700C0468C /* Build configuration list for PBXNativeTarget "JobInterview" */;
			buildPhases = (
				632C8D60636264A9D73000BF /* [CP] Check Pods Manifest.lock */,
				71AFB37D22BE2A890064077B /* Generate R.swift */,
				71A89ABC22BC011500C0468C /* Sources */,
				71A89ABD22BC011500C0468C /* Frameworks */,
				71A89ABE22BC011500C0468C /* Resources */,
				3174989ABF92CD6FB4E6467E /* [CP] Embed Pods Frameworks */,
			);
			buildRules = (
			);
			dependencies = (
			);
			name = JobInterview;
			productName = "MTS-Test";
			productReference = 71A89AC022BC011500C0468C /* JobInterview.app */;
			productType = "com.apple.product-type.application";
		};
/* End PBXNativeTarget section */

/* Begin PBXProject section */
		71A89AB822BC011500C0468C /* Project object */ = {
			isa = PBXProject;
			attributes = {
				LastSwiftUpdateCheck = 1020;
				LastUpgradeCheck = 1020;
				ORGANIZATIONNAME = Ysoftware;
				TargetAttributes = {
					71A89ABF22BC011500C0468C = {
						CreatedOnToolsVersion = 10.2.1;
					};
				};
			};
			buildConfigurationList = 71A89ABB22BC011500C0468C /* Build configuration list for PBXProject "JobInterview" */;
			compatibilityVersion = "Xcode 9.3";
			developmentRegion = en;
			hasScannedForEncodings = 0;
			knownRegions = (
				en,
				Base,
			);
			mainGroup = 71A89AB722BC011500C0468C;
			productRefGroup = 71A89AC122BC011500C0468C /* Products */;
			projectDirPath = "";
			projectRoot = "";
			targets = (
				71A89ABF22BC011500C0468C /* JobInterview */,
			);
		};
/* End PBXProject section */

/* Begin PBXResourcesBuildPhase section */
		71A89ABE22BC011500C0468C /* Resources */ = {
			isa = PBXResourcesBuildPhase;
			buildActionMask = 2147483647;
			files = (
				71A89ACE22BC011700C0468C /* LaunchScreen.storyboard in Resources */,
				71AFB38F22BF61DE0064077B /* ListCell.xib in Resources */,
				71A89ACB22BC011700C0468C /* Assets.xcassets in Resources */,
				71A89AC922BC011500C0468C /* Main.storyboard in Resources */,
			);
			runOnlyForDeploymentPostprocessing = 0;
		};
/* End PBXResourcesBuildPhase section */

/* Begin PBXShellScriptBuildPhase section */
		3174989ABF92CD6FB4E6467E /* [CP] Embed Pods Frameworks */ = {
			isa = PBXShellScriptBuildPhase;
			buildActionMask = 2147483647;
			files = (
			);
			inputPaths = (
				"${SRCROOT}/Pods/Target Support Files/Pods-MTS-Test/Pods-MTS-Test-frameworks.sh",
				"${BUILT_PRODUCTS_DIR}/Alamofire/Alamofire.framework",
				"${BUILT_PRODUCTS_DIR}/AlamofireImage/AlamofireImage.framework",
				"${BUILT_PRODUCTS_DIR}/R.swift.Library/Rswift.framework",
				"${BUILT_PRODUCTS_DIR}/Realm/Realm.framework",
				"${BUILT_PRODUCTS_DIR}/RealmSwift/RealmSwift.framework",
				"${BUILT_PRODUCTS_DIR}/Swinject/Swinject.framework",
			);
			name = "[CP] Embed Pods Frameworks";
			outputPaths = (
				"${TARGET_BUILD_DIR}/${FRAMEWORKS_FOLDER_PATH}/Alamofire.framework",
				"${TARGET_BUILD_DIR}/${FRAMEWORKS_FOLDER_PATH}/AlamofireImage.framework",
				"${TARGET_BUILD_DIR}/${FRAMEWORKS_FOLDER_PATH}/Rswift.framework",
				"${TARGET_BUILD_DIR}/${FRAMEWORKS_FOLDER_PATH}/Realm.framework",
				"${TARGET_BUILD_DIR}/${FRAMEWORKS_FOLDER_PATH}/RealmSwift.framework",
				"${TARGET_BUILD_DIR}/${FRAMEWORKS_FOLDER_PATH}/Swinject.framework",
			);
			runOnlyForDeploymentPostprocessing = 0;
			shellPath = /bin/sh;
			shellScript = "\"${SRCROOT}/Pods/Target Support Files/Pods-MTS-Test/Pods-MTS-Test-frameworks.sh\"\n";
			showEnvVarsInLog = 0;
		};
		632C8D60636264A9D73000BF /* [CP] Check Pods Manifest.lock */ = {
			isa = PBXShellScriptBuildPhase;
			buildActionMask = 2147483647;
			files = (
			);
			inputPaths = (
				"${PODS_PODFILE_DIR_PATH}/Podfile.lock",
				"${PODS_ROOT}/Manifest.lock",
			);
			name = "[CP] Check Pods Manifest.lock";
			outputPaths = (
				"$(DERIVED_FILE_DIR)/Pods-MTS-Test-checkManifestLockResult.txt",
			);
			runOnlyForDeploymentPostprocessing = 0;
			shellPath = /bin/sh;
			shellScript = "diff \"${PODS_PODFILE_DIR_PATH}/Podfile.lock\" \"${PODS_ROOT}/Manifest.lock\" > /dev/null\nif [ $? != 0 ] ; then\n    # print error to STDERR\n    echo \"error: The sandbox is not in sync with the Podfile.lock. Run 'pod install' or update your CocoaPods installation.\" >&2\n    exit 1\nfi\n# This output is used by Xcode 'outputs' to avoid re-running this script phase.\necho \"SUCCESS\" > \"${SCRIPT_OUTPUT_FILE_0}\"\n";
			showEnvVarsInLog = 0;
		};
		71AFB37D22BE2A890064077B /* Generate R.swift */ = {
			isa = PBXShellScriptBuildPhase;
			buildActionMask = 2147483647;
			files = (
			);
			inputFileListPaths = (
			);
			inputPaths = (
				"$TEMP_DIR/rswift-lastrun",
			);
			name = "Generate R.swift";
			outputFileListPaths = (
			);
			outputPaths = (
				$SRCROOT/R.generated.swift,
			);
			runOnlyForDeploymentPostprocessing = 0;
			shellPath = /bin/sh;
			shellScript = "# Type a script or drag a script file from your workspace to insert its path.\n\"$PODS_ROOT/R.swift/rswift\" generate \"$SRCROOT/R.generated.swift\"\n";
		};
/* End PBXShellScriptBuildPhase section */

/* Begin PBXSourcesBuildPhase section */
		71A89ABC22BC011500C0468C /* Sources */ = {
			isa = PBXSourcesBuildPhase;
			buildActionMask = 2147483647;
			files = (
				71AFB39B22BF72130064077B /* DetailRouter.swift in Sources */,
				71AFB35F22BC089C0064077B /* ListRouter.swift in Sources */,
				71AFB35722BC04380064077B /* Recipe.swift in Sources */,
				71AFB39122BF61E80064077B /* ListCell.swift in Sources */,
				71AFB36322BC08C60064077B /* Network.swift in Sources */,
				71AFB37722BD6C510064077B /* List+Codable.swift in Sources */,
				71AFB38422BE39E80064077B /* Service.swift in Sources */,
				71AFB36B22BC09480064077B /* ListProtocols.swift in Sources */,
				71AFB36522BC08D00064077B /* ApiAssembly.swift in Sources */,
				71AFB37C22BE29910064077B /* DetailView.swift in Sources */,
				71AFB38122BE2AE00064077B /* R.generated.swift in Sources */,
				71AFB39722BF71FC0064077B /* DetailConfigurator.swift in Sources */,
				71AFB39F22BFB9300064077B /* StatusBar.swift in Sources */,
				71AFB39922BF72080064077B /* DetailPresenter.swift in Sources */,
				71AFB39D22BF72200064077B /* Detailnteractor.swift in Sources */,
				71AFB36122BC08AC0064077B /* ListInteractor.swift in Sources */,
				71AFB37222BCF09A0064077B /* Api.swift in Sources */,
				71AFB39522BF71E20064077B /* DetailProtocols.swift in Sources */,
				71AFB36922BC09190064077B /* ListView.swift in Sources */,
				71AFB38822BE58A90064077B /* ListDataSource.swift in Sources */,
				71AFB36E22BCEA6D0064077B /* Parser.swift in Sources */,
				71AFB39322BF6AFF0064077B /* ListConfigurator.swift in Sources */,
				71AFB35922BC04E30064077B /* Detail.swift in Sources */,
				71AFB35D22BC06760064077B /* ListPresenter.swift in Sources */,
				71AFB37022BCEA880064077B /* Cache.swift in Sources */,
				71AFB38B22BF60E40064077B /* ResponseModel.swift in Sources */,
				71A89AC422BC011500C0468C /* AppDelegate.swift in Sources */,
			);
			runOnlyForDeploymentPostprocessing = 0;
		};
/* End PBXSourcesBuildPhase section */

/* Begin PBXVariantGroup section */
		71A89AC722BC011500C0468C /* Main.storyboard */ = {
			isa = PBXVariantGroup;
			children = (
				71A89AC822BC011500C0468C /* Base */,
			);
			name = Main.storyboard;
			sourceTree = "<group>";
		};
		71A89ACC22BC011700C0468C /* LaunchScreen.storyboard */ = {
			isa = PBXVariantGroup;
			children = (
				71A89ACD22BC011700C0468C /* Base */,
			);
			name = LaunchScreen.storyboard;
			sourceTree = "<group>";
		};
/* End PBXVariantGroup section */

/* Begin XCBuildConfiguration section */
		71A89AD022BC011700C0468C /* Debug */ = {
			isa = XCBuildConfiguration;
			buildSettings = {
				ALWAYS_SEARCH_USER_PATHS = NO;
				CLANG_ANALYZER_NONNULL = YES;
				CLANG_ANALYZER_NUMBER_OBJECT_CONVERSION = YES_AGGRESSIVE;
				CLANG_CXX_LANGUAGE_STANDARD = "gnu++14";
				CLANG_CXX_LIBRARY = "libc++";
				CLANG_ENABLE_MODULES = YES;
				CLANG_ENABLE_OBJC_ARC = YES;
				CLANG_ENABLE_OBJC_WEAK = YES;
				CLANG_WARN_BLOCK_CAPTURE_AUTORELEASING = YES;
				CLANG_WARN_BOOL_CONVERSION = YES;
				CLANG_WARN_COMMA = YES;
				CLANG_WARN_CONSTANT_CONVERSION = YES;
				CLANG_WARN_DEPRECATED_OBJC_IMPLEMENTATIONS = YES;
				CLANG_WARN_DIRECT_OBJC_ISA_USAGE = YES_ERROR;
				CLANG_WARN_DOCUMENTATION_COMMENTS = YES;
				CLANG_WARN_EMPTY_BODY = YES;
				CLANG_WARN_ENUM_CONVERSION = YES;
				CLANG_WARN_INFINITE_RECURSION = YES;
				CLANG_WARN_INT_CONVERSION = YES;
				CLANG_WARN_NON_LITERAL_NULL_CONVERSION = YES;
				CLANG_WARN_OBJC_IMPLICIT_RETAIN_SELF = YES;
				CLANG_WARN_OBJC_LITERAL_CONVERSION = YES;
				CLANG_WARN_OBJC_ROOT_CLASS = YES_ERROR;
				CLANG_WARN_RANGE_LOOP_ANALYSIS = YES;
				CLANG_WARN_STRICT_PROTOTYPES = YES;
				CLANG_WARN_SUSPICIOUS_MOVE = YES;
				CLANG_WARN_UNGUARDED_AVAILABILITY = YES_AGGRESSIVE;
				CLANG_WARN_UNREACHABLE_CODE = YES;
				CLANG_WARN__DUPLICATE_METHOD_MATCH = YES;
				CODE_SIGN_IDENTITY = "iPhone Developer";
				COPY_PHASE_STRIP = NO;
				DEBUG_INFORMATION_FORMAT = dwarf;
				ENABLE_STRICT_OBJC_MSGSEND = YES;
				ENABLE_TESTABILITY = YES;
				GCC_C_LANGUAGE_STANDARD = gnu11;
				GCC_DYNAMIC_NO_PIC = NO;
				GCC_NO_COMMON_BLOCKS = YES;
				GCC_OPTIMIZATION_LEVEL = 0;
				GCC_PREPROCESSOR_DEFINITIONS = (
					"DEBUG=1",
					"$(inherited)",
				);
				GCC_WARN_64_TO_32_BIT_CONVERSION = YES;
				GCC_WARN_ABOUT_RETURN_TYPE = YES_ERROR;
				GCC_WARN_UNDECLARED_SELECTOR = YES;
				GCC_WARN_UNINITIALIZED_AUTOS = YES_AGGRESSIVE;
				GCC_WARN_UNUSED_FUNCTION = YES;
				GCC_WARN_UNUSED_VARIABLE = YES;
				IPHONEOS_DEPLOYMENT_TARGET = 12.2;
				MTL_ENABLE_DEBUG_INFO = INCLUDE_SOURCE;
				MTL_FAST_MATH = YES;
				ONLY_ACTIVE_ARCH = YES;
				SDKROOT = iphoneos;
				SWIFT_ACTIVE_COMPILATION_CONDITIONS = DEBUG;
				SWIFT_OPTIMIZATION_LEVEL = "-Onone";
			};
			name = Debug;
		};
		71A89AD122BC011700C0468C /* Release */ = {
			isa = XCBuildConfiguration;
			buildSettings = {
				ALWAYS_SEARCH_USER_PATHS = NO;
				CLANG_ANALYZER_NONNULL = YES;
				CLANG_ANALYZER_NUMBER_OBJECT_CONVERSION = YES_AGGRESSIVE;
				CLANG_CXX_LANGUAGE_STANDARD = "gnu++14";
				CLANG_CXX_LIBRARY = "libc++";
				CLANG_ENABLE_MODULES = YES;
				CLANG_ENABLE_OBJC_ARC = YES;
				CLANG_ENABLE_OBJC_WEAK = YES;
				CLANG_WARN_BLOCK_CAPTURE_AUTORELEASING = YES;
				CLANG_WARN_BOOL_CONVERSION = YES;
				CLANG_WARN_COMMA = YES;
				CLANG_WARN_CONSTANT_CONVERSION = YES;
				CLANG_WARN_DEPRECATED_OBJC_IMPLEMENTATIONS = YES;
				CLANG_WARN_DIRECT_OBJC_ISA_USAGE = YES_ERROR;
				CLANG_WARN_DOCUMENTATION_COMMENTS = YES;
				CLANG_WARN_EMPTY_BODY = YES;
				CLANG_WARN_ENUM_CONVERSION = YES;
				CLANG_WARN_INFINITE_RECURSION = YES;
				CLANG_WARN_INT_CONVERSION = YES;
				CLANG_WARN_NON_LITERAL_NULL_CONVERSION = YES;
				CLANG_WARN_OBJC_IMPLICIT_RETAIN_SELF = YES;
				CLANG_WARN_OBJC_LITERAL_CONVERSION = YES;
				CLANG_WARN_OBJC_ROOT_CLASS = YES_ERROR;
				CLANG_WARN_RANGE_LOOP_ANALYSIS = YES;
				CLANG_WARN_STRICT_PROTOTYPES = YES;
				CLANG_WARN_SUSPICIOUS_MOVE = YES;
				CLANG_WARN_UNGUARDED_AVAILABILITY = YES_AGGRESSIVE;
				CLANG_WARN_UNREACHABLE_CODE = YES;
				CLANG_WARN__DUPLICATE_METHOD_MATCH = YES;
				CODE_SIGN_IDENTITY = "iPhone Developer";
				COPY_PHASE_STRIP = NO;
				DEBUG_INFORMATION_FORMAT = "dwarf-with-dsym";
				ENABLE_NS_ASSERTIONS = NO;
				ENABLE_STRICT_OBJC_MSGSEND = YES;
				GCC_C_LANGUAGE_STANDARD = gnu11;
				GCC_NO_COMMON_BLOCKS = YES;
				GCC_WARN_64_TO_32_BIT_CONVERSION = YES;
				GCC_WARN_ABOUT_RETURN_TYPE = YES_ERROR;
				GCC_WARN_UNDECLARED_SELECTOR = YES;
				GCC_WARN_UNINITIALIZED_AUTOS = YES_AGGRESSIVE;
				GCC_WARN_UNUSED_FUNCTION = YES;
				GCC_WARN_UNUSED_VARIABLE = YES;
				IPHONEOS_DEPLOYMENT_TARGET = 12.2;
				MTL_ENABLE_DEBUG_INFO = NO;
				MTL_FAST_MATH = YES;
				SDKROOT = iphoneos;
				SWIFT_COMPILATION_MODE = wholemodule;
				SWIFT_OPTIMIZATION_LEVEL = "-O";
				VALIDATE_PRODUCT = YES;
			};
			name = Release;
		};
		71A89AD322BC011700C0468C /* Debug */ = {
			isa = XCBuildConfiguration;
			baseConfigurationReference = 40B82E4E0D889A066AF4633B /* Pods-MTS-Test.debug.xcconfig */;
			buildSettings = {
				ASSETCATALOG_COMPILER_APPICON_NAME = AppIcon;
				CODE_SIGN_STYLE = Automatic;
				DEVELOPMENT_TEAM = S422Q897FZ;
				INFOPLIST_FILE = "$(SRCROOT)/App/Supporting Files/Info.plist";
				LD_RUNPATH_SEARCH_PATHS = (
					"$(inherited)",
					"@executable_path/Frameworks",
				);
				PRODUCT_BUNDLE_IDENTIFIER = "com.ysoftware.job-interview";
				PRODUCT_NAME = "$(TARGET_NAME)";
				SWIFT_VERSION = 5.0;
				TARGETED_DEVICE_FAMILY = 1;
			};
			name = Debug;
		};
		71A89AD422BC011700C0468C /* Release */ = {
			isa = XCBuildConfiguration;
			baseConfigurationReference = 72E848B1D601A80D84A8B011 /* Pods-MTS-Test.release.xcconfig */;
			buildSettings = {
				ASSETCATALOG_COMPILER_APPICON_NAME = AppIcon;
				CODE_SIGN_STYLE = Automatic;
				DEVELOPMENT_TEAM = S422Q897FZ;
				INFOPLIST_FILE = "$(SRCROOT)/App/Supporting Files/Info.plist";
				LD_RUNPATH_SEARCH_PATHS = (
					"$(inherited)",
					"@executable_path/Frameworks",
				);
				PRODUCT_BUNDLE_IDENTIFIER = "com.ysoftware.job-interview";
				PRODUCT_NAME = "$(TARGET_NAME)";
				SWIFT_VERSION = 5.0;
				TARGETED_DEVICE_FAMILY = 1;
			};
			name = Release;
		};
/* End XCBuildConfiguration section */

/* Begin XCConfigurationList section */
		71A89ABB22BC011500C0468C /* Build configuration list for PBXProject "JobInterview" */ = {
			isa = XCConfigurationList;
			buildConfigurations = (
				71A89AD022BC011700C0468C /* Debug */,
				71A89AD122BC011700C0468C /* Release */,
			);
			defaultConfigurationIsVisible = 0;
			defaultConfigurationName = Release;
		};
		71A89AD222BC011700C0468C /* Build configuration list for PBXNativeTarget "JobInterview" */ = {
			isa = XCConfigurationList;
			buildConfigurations = (
				71A89AD322BC011700C0468C /* Debug */,
				71A89AD422BC011700C0468C /* Release */,
			);
			defaultConfigurationIsVisible = 0;
			defaultConfigurationName = Release;
		};
/* End XCConfigurationList section */
	};
	rootObject = 71A89AB822BC011500C0468C /* Project object */;
}
